
Microsoft Visual Studio Solution File, Format Version 12.00
# Visual Studio 2013
VisualStudioVersion = 12.0.21005.1
MinimumVisualStudioVersion = 10.0.40219.1
Project("{F184B08F-C81C-45F6-A57F-5ABD9991F28F}") = "Universal Unpacker Team-REPT", "Unpackers\Universal Unpacker Team-REPT.vbproj", "{494388AB-CDB8-49B2-85FB-527A949DAC39}"
EndProject
Project("{F184B08F-C81C-45F6-A57F-5ABD9991F28F}") = "FSG Unpacker", "..\FSG Unpacker\FSG Unpacker.vbproj", "{22BBE6A8-8EA3-4600-893F-0147DDBC394B}"
EndProject
Project("{F184B08F-C81C-45F6-A57F-5ABD9991F28F}") = "ImportReconstruction", "..\ImportReconstruction\ImportReconstruction.vbproj", "{EBFF22CC-5122-4291-87F2-0777D12A7F86}"
EndProject
Project("{F184B08F-C81C-45F6-A57F-5ABD9991F28F}") = "Mpress Unpacker", "..\Mpress Unpacker\Mpress Unpacker.vbproj", "{D8529F65-032F-4D8A-828E-40B6D2C99520}"
EndProject
Project("{F184B08F-C81C-45F6-A57F-5ABD9991F28F}") = "PECompactUnpacker", "..\PECompactUnpacker\PECompactUnpacker.vbproj", "{0F5DF81B-75F4-42EC-BC30-4E338CF4E7BD}"
EndProject
Project("{F184B08F-C81C-45F6-A57F-5ABD9991F28F}") = "Petite Unpacker", "..\Petite Unpacker\Petite Unpacker.vbproj", "{009F2C8C-C7A0-4DD2-8A5E-475BEB9A5C99}"
EndProject
Project("{FAE04EC0-301F-11D3-BF4B-00C04F79EFBC}") = "NIDebugger", "..\NIDebugger\NIDebugger.csproj", "{FDB20EB3-5E0E-48DF-9364-299C7F9AAFC8}"
EndProject
Project("{F184B08F-C81C-45F6-A57F-5ABD9991F28F}") = "UPX Unpacker", "..\UPX Unpacker\UPX Unpacker.vbproj", "{A2CAD687-85FD-4E43-9735-3B1982138269}"
EndProject
Project("{F184B08F-C81C-45F6-A57F-5ABD9991F28F}") = "AsPack Unpacker", "AsPack Unpacker\AsPack Unpacker.vbproj", "{00E2F751-EE21-4587-BB6E-F4CCEB95807E}"
EndProject
Project("{F184B08F-C81C-45F6-A57F-5ABD9991F28F}") = "EZIP Unpacker", "..\EZIP Unpacker\EZIP Unpacker.vbproj", "{52E2D913-4428-4C5D-9F3F-D164DCB6D6A6}"
EndProject
Project("{F184B08F-C81C-45F6-A57F-5ABD9991F28F}") = "NeoLite Unpacker", "..\NeoLite Unpacker\NeoLite Unpacker.vbproj", "{9A8A3B6C-A991-4A51-AAAA-3933017667BE}"
EndProject
Project("{F184B08F-C81C-45F6-A57F-5ABD9991F28F}") = "SecuPack", "..\SecuPack\SecuPack.vbproj", "{FC922F88-C0FD-4A29-BD1E-5426F78B3D38}"
EndProject
Project("{F184B08F-C81C-45F6-A57F-5ABD9991F28F}") = "cEXE Unpacker", "..\cEXE Unpacker\cEXE Unpacker.vbproj", "{C5356452-F4D4-4349-97CB-81622AE8DB8D}"
EndProject
Global
	GlobalSection(SolutionConfigurationPlatforms) = preSolution
		Debug|Any CPU = Debug|Any CPU
		Release|Any CPU = Release|Any CPU
	EndGlobalSection
	GlobalSection(ProjectConfigurationPlatforms) = postSolution
		{494388AB-CDB8-49B2-85FB-527A949DAC39}.Debug|Any CPU.ActiveCfg = Debug|Any CPU
		{494388AB-CDB8-49B2-85FB-527A949DAC39}.Debug|Any CPU.Build.0 = Debug|Any CPU
		{494388AB-CDB8-49B2-85FB-527A949DAC39}.Release|Any CPU.ActiveCfg = Release|Any CPU
		{494388AB-CDB8-49B2-85FB-527A949DAC39}.Release|Any CPU.Build.0 = Release|Any CPU
		{22BBE6A8-8EA3-4600-893F-0147DDBC394B}.Debug|Any CPU.ActiveCfg = Debug|Any CPU
		{22BBE6A8-8EA3-4600-893F-0147DDBC394B}.Debug|Any CPU.Build.0 = Debug|Any CPU
		{22BBE6A8-8EA3-4600-893F-0147DDBC394B}.Release|Any CPU.ActiveCfg = Release|Any CPU
		{22BBE6A8-8EA3-4600-893F-0147DDBC394B}.Release|Any CPU.Build.0 = Release|Any CPU
		{EBFF22CC-5122-4291-87F2-0777D12A7F86}.Debug|Any CPU.ActiveCfg = Debug|Any CPU
		{EBFF22CC-5122-4291-87F2-0777D12A7F86}.Debug|Any CPU.Build.0 = Debug|Any CPU
		{EBFF22CC-5122-4291-87F2-0777D12A7F86}.Release|Any CPU.ActiveCfg = Release|Any CPU
		{EBFF22CC-5122-4291-87F2-0777D12A7F86}.Release|Any CPU.Build.0 = Release|Any CPU
		{D8529F65-032F-4D8A-828E-40B6D2C99520}.Debug|Any CPU.ActiveCfg = Debug|Any CPU
		{D8529F65-032F-4D8A-828E-40B6D2C99520}.Debug|Any CPU.Build.0 = Debug|Any CPU
		{D8529F65-032F-4D8A-828E-40B6D2C99520}.Release|Any CPU.ActiveCfg = Release|Any CPU
		{D8529F65-032F-4D8A-828E-40B6D2C99520}.Release|Any CPU.Build.0 = Release|Any CPU
		{0F5DF81B-75F4-42EC-BC30-4E338CF4E7BD}.Debug|Any CPU.ActiveCfg = Debug|Any CPU
		{0F5DF81B-75F4-42EC-BC30-4E338CF4E7BD}.Debug|Any CPU.Build.0 = Debug|Any CPU
		{0F5DF81B-75F4-42EC-BC30-4E338CF4E7BD}.Release|Any CPU.ActiveCfg = Release|Any CPU
		{0F5DF81B-75F4-42EC-BC30-4E338CF4E7BD}.Release|Any CPU.Build.0 = Release|Any CPU
		{009F2C8C-C7A0-4DD2-8A5E-475BEB9A5C99}.Debug|Any CPU.ActiveCfg = Debug|Any CPU
		{009F2C8C-C7A0-4DD2-8A5E-475BEB9A5C99}.Debug|Any CPU.Build.0 = Debug|Any CPU
		{009F2C8C-C7A0-4DD2-8A5E-475BEB9A5C99}.Release|Any CPU.ActiveCfg = Release|Any CPU
		{009F2C8C-C7A0-4DD2-8A5E-475BEB9A5C99}.Release|Any CPU.Build.0 = Release|Any CPU
		{FDB20EB3-5E0E-48DF-9364-299C7F9AAFC8}.Debug|Any CPU.ActiveCfg = Debug|Any CPU
		{FDB20EB3-5E0E-48DF-9364-299C7F9AAFC8}.Debug|Any CPU.Build.0 = Debug|Any CPU
		{FDB20EB3-5E0E-48DF-9364-299C7F9AAFC8}.Release|Any CPU.ActiveCfg = Release|Any CPU
		{FDB20EB3-5E0E-48DF-9364-299C7F9AAFC8}.Release|Any CPU.Build.0 = Release|Any CPU
		{A2CAD687-85FD-4E43-9735-3B1982138269}.Debug|Any CPU.ActiveCfg = Debug|Any CPU
		{A2CAD687-85FD-4E43-9735-3B1982138269}.Debug|Any CPU.Build.0 = Debug|Any CPU
		{A2CAD687-85FD-4E43-9735-3B1982138269}.Release|Any CPU.ActiveCfg = Release|Any CPU
		{A2CAD687-85FD-4E43-9735-3B1982138269}.Release|Any CPU.Build.0 = Release|Any CPU
		{00E2F751-EE21-4587-BB6E-F4CCEB95807E}.Debug|Any CPU.ActiveCfg = Debug|Any CPU
		{00E2F751-EE21-4587-BB6E-F4CCEB95807E}.Debug|Any CPU.Build.0 = Debug|Any CPU
		{00E2F751-EE21-4587-BB6E-F4CCEB95807E}.Release|Any CPU.ActiveCfg = Release|Any CPU
		{00E2F751-EE21-4587-BB6E-F4CCEB95807E}.Release|Any CPU.Build.0 = Release|Any CPU
		{52E2D913-4428-4C5D-9F3F-D164DCB6D6A6}.Debug|Any CPU.ActiveCfg = Debug|Any CPU
		{52E2D913-4428-4C5D-9F3F-D164DCB6D6A6}.Debug|Any CPU.Build.0 = Debug|Any CPU
		{52E2D913-4428-4C5D-9F3F-D164DCB6D6A6}.Release|Any CPU.ActiveCfg = Release|Any CPU
		{52E2D913-4428-4C5D-9F3F-D164DCB6D6A6}.Release|Any CPU.Build.0 = Release|Any CPU
		{9A8A3B6C-A991-4A51-AAAA-3933017667BE}.Debug|Any CPU.ActiveCfg = Debug|Any CPU
		{9A8A3B6C-A991-4A51-AAAA-3933017667BE}.Debug|Any CPU.Build.0 = Debug|Any CPU
		{9A8A3B6C-A991-4A51-AAAA-3933017667BE}.Release|Any CPU.ActiveCfg = Release|Any CPU
		{9A8A3B6C-A991-4A51-AAAA-3933017667BE}.Release|Any CPU.Build.0 = Release|Any CPU
		{FC922F88-C0FD-4A29-BD1E-5426F78B3D38}.Debug|Any CPU.ActiveCfg = Debug|Any CPU
		{FC922F88-C0FD-4A29-BD1E-5426F78B3D38}.Debug|Any CPU.Build.0 = Debug|Any CPU
		{FC922F88-C0FD-4A29-BD1E-5426F78B3D38}.Release|Any CPU.ActiveCfg = Release|Any CPU
		{FC922F88-C0FD-4A29-BD1E-5426F78B3D38}.Release|Any CPU.Build.0 = Release|Any CPU
		{C5356452-F4D4-4349-97CB-81622AE8DB8D}.Debug|Any CPU.ActiveCfg = Debug|Any CPU
		{C5356452-F4D4-4349-97CB-81622AE8DB8D}.Debug|Any CPU.Build.0 = Debug|Any CPU
		{C5356452-F4D4-4349-97CB-81622AE8DB8D}.Release|Any CPU.ActiveCfg = Release|Any CPU
		{C5356452-F4D4-4349-97CB-81622AE8DB8D}.Release|Any CPU.Build.0 = Release|Any CPU
	EndGlobalSection
	GlobalSection(SolutionProperties) = preSolution
		HideSolutionNode = FALSE
	EndGlobalSection
EndGlobal
